<?xml version="1.0" encoding="utf-8"?>
<Project ToolsVersion="4.0" xmlns="http://schemas.microsoft.com/developer/msbuild/2003">
  <ItemGroup>
    <ClCompile Include="AppInit_DLLs.cpp" />
    <ClCompile Include="SKIM.cpp" />
    <ClCompile Include="stdafx.cpp" />
    <ClCompile Include="DLC.cpp">
      <Filter>DLC</Filter>
    </ClCompile>
    <ClCompile Include="ini.cpp" />
  </ItemGroup>
  <ItemGroup>
    <ClInclude Include="AppInit_DLLs.h" />
    <ClInclude Include="resource.h" />
    <ClInclude Include="stdafx.h" />
    <ClInclude Include="targetver.h" />
    <ClInclude Include="APP_VERSION.H" />
    <ClInclude Include="ini.h" />
    <ClInclude Include="branch.h" />
  </ItemGroup>
  <ItemGroup>
    <ResourceCompile Include="SKIM.rc" />
  </ItemGroup>
  <ItemGroup>
    <Filter Include="DLC">
      <UniqueIdentifier>{09b3bea6-2a10-45ca-af8a-dbe9d5fe31d4}</UniqueIdentifier>
    </Filter>
  </ItemGroup>
  <ItemGroup>
    <Image Include="..\..\..\..\Desktop\donate.bmp" />
    <Image Include="..\..\..\..\desktop\bitmap2.bmp" />
    <Image Include="..\..\..\..\Desktop\donate_hand.png" />
    <Image Include="..\donate.bmp" />
    <Image Include="..\..\..\..\Desktop\btn_donate_cc_147x47.png" />
    <Image Include="..\..\..\..\Desktop\btn_donate_cc_147x47.bmp" />
    <Image Include="..\SKIM.ico" />
  </ItemGroup>
</Project>